
Microsoft Visual Studio Solution File, Format Version 12.00
# Visual Studio Version 17
VisualStudioVersion = 17.0.31903.59
MinimumVisualStudioVersion = 10.0.40219.1
Project("{FAE04EC0-301F-11D3-BF4B-00C04F79EFBC}") = "01", "01\01.csproj", "{C6FE7983-99FB-4222-A684-A32C0C65A20E}"
EndProject
Project("{FAE04EC0-301F-11D3-BF4B-00C04F79EFBC}") = "02", "02\02.csproj", "{4EFFCAD7-F5FC-4D84-AC83-51A2DC276DD4}"
EndProject
Project("{FAE04EC0-301F-11D3-BF4B-00C04F79EFBC}") = "03", "03\03.csproj", "{666DF8F7-37B1-4DDB-BBFC-907D78DB5791}"
EndProject
Project("{FAE04EC0-301F-11D3-BF4B-00C04F79EFBC}") = "04", "04\04.csproj", "{5F6979DB-EA57-4972-9925-0601DD03E98D}"
EndProject
Project("{FAE04EC0-301F-11D3-BF4B-00C04F79EFBC}") = "05", "05\05.csproj", "{1C5C8A08-F52E-47AE-A529-6F2A7B2AF63C}"
EndProject
Project("{FAE04EC0-301F-11D3-BF4B-00C04F79EFBC}") = "06", "06\06.csproj", "{3E2D39EF-7360-472B-A32C-D30BE6B6D43D}"
EndProject
Project("{FAE04EC0-301F-11D3-BF4B-00C04F79EFBC}") = "07", "07\07.csproj", "{55DAE6D1-F097-4799-ADA3-81B994FDA456}"
EndProject
Project("{FAE04EC0-301F-11D3-BF4B-00C04F79EFBC}") = "08", "08\08.csproj", "{0BD2E9B0-CC5B-4766-9681-1D638E789FA4}"
EndProject
Global
	GlobalSection(SolutionConfigurationPlatforms) = preSolution
		Debug|Any CPU = Debug|Any CPU
		Release|Any CPU = Release|Any CPU
	EndGlobalSection
	GlobalSection(SolutionProperties) = preSolution
		HideSolutionNode = FALSE
	EndGlobalSection
	GlobalSection(ProjectConfigurationPlatforms) = postSolution
		{C6FE7983-99FB-4222-A684-A32C0C65A20E}.Debug|Any CPU.ActiveCfg = Debug|Any CPU
		{C6FE7983-99FB-4222-A684-A32C0C65A20E}.Debug|Any CPU.Build.0 = Debug|Any CPU
		{C6FE7983-99FB-4222-A684-A32C0C65A20E}.Release|Any CPU.ActiveCfg = Release|Any CPU
		{C6FE7983-99FB-4222-A684-A32C0C65A20E}.Release|Any CPU.Build.0 = Release|Any CPU
		{4EFFCAD7-F5FC-4D84-AC83-51A2DC276DD4}.Debug|Any CPU.ActiveCfg = Debug|Any CPU
		{4EFFCAD7-F5FC-4D84-AC83-51A2DC276DD4}.Debug|Any CPU.Build.0 = Debug|Any CPU
		{4EFFCAD7-F5FC-4D84-AC83-51A2DC276DD4}.Release|Any CPU.ActiveCfg = Release|Any CPU
		{4EFFCAD7-F5FC-4D84-AC83-51A2DC276DD4}.Release|Any CPU.Build.0 = Release|Any CPU
		{666DF8F7-37B1-4DDB-BBFC-907D78DB5791}.Debug|Any CPU.ActiveCfg = Debug|Any CPU
		{666DF8F7-37B1-4DDB-BBFC-907D78DB5791}.Debug|Any CPU.Build.0 = Debug|Any CPU
		{666DF8F7-37B1-4DDB-BBFC-907D78DB5791}.Release|Any CPU.ActiveCfg = Release|Any CPU
		{666DF8F7-37B1-4DDB-BBFC-907D78DB5791}.Release|Any CPU.Build.0 = Release|Any CPU
		{5F6979DB-EA57-4972-9925-0601DD03E98D}.Debug|Any CPU.ActiveCfg = Debug|Any CPU
		{5F6979DB-EA57-4972-9925-0601DD03E98D}.Debug|Any CPU.Build.0 = Debug|Any CPU
		{5F6979DB-EA57-4972-9925-0601DD03E98D}.Release|Any CPU.ActiveCfg = Release|Any CPU
		{5F6979DB-EA57-4972-9925-0601DD03E98D}.Release|Any CPU.Build.0 = Release|Any CPU
		{1C5C8A08-F52E-47AE-A529-6F2A7B2AF63C}.Debug|Any CPU.ActiveCfg = Debug|Any CPU
		{1C5C8A08-F52E-47AE-A529-6F2A7B2AF63C}.Debug|Any CPU.Build.0 = Debug|Any CPU
		{1C5C8A08-F52E-47AE-A529-6F2A7B2AF63C}.Release|Any CPU.ActiveCfg = Release|Any CPU
		{1C5C8A08-F52E-47AE-A529-6F2A7B2AF63C}.Release|Any CPU.Build.0 = Release|Any CPU
		{3E2D39EF-7360-472B-A32C-D30BE6B6D43D}.Debug|Any CPU.ActiveCfg = Debug|Any CPU
		{3E2D39EF-7360-472B-A32C-D30BE6B6D43D}.Debug|Any CPU.Build.0 = Debug|Any CPU
		{3E2D39EF-7360-472B-A32C-D30BE6B6D43D}.Release|Any CPU.ActiveCfg = Release|Any CPU
		{3E2D39EF-7360-472B-A32C-D30BE6B6D43D}.Release|Any CPU.Build.0 = Release|Any CPU
		{55DAE6D1-F097-4799-ADA3-81B994FDA456}.Debug|Any CPU.ActiveCfg = Debug|Any CPU
		{55DAE6D1-F097-4799-ADA3-81B994FDA456}.Debug|Any CPU.Build.0 = Debug|Any CPU
		{55DAE6D1-F097-4799-ADA3-81B994FDA456}.Release|Any CPU.ActiveCfg = Release|Any CPU
		{55DAE6D1-F097-4799-ADA3-81B994FDA456}.Release|Any CPU.Build.0 = Release|Any CPU
		{0BD2E9B0-CC5B-4766-9681-1D638E789FA4}.Debug|Any CPU.ActiveCfg = Debug|Any CPU
		{0BD2E9B0-CC5B-4766-9681-1D638E789FA4}.Debug|Any CPU.Build.0 = Debug|Any CPU
		{0BD2E9B0-CC5B-4766-9681-1D638E789FA4}.Release|Any CPU.ActiveCfg = Release|Any CPU
		{0BD2E9B0-CC5B-4766-9681-1D638E789FA4}.Release|Any CPU.Build.0 = Release|Any CPU
	EndGlobalSection
EndGlobal
